// !$*UTF8*$!
{
	archiveVersion = 1;
	classes = {
	};
	objectVersion = 56;
	objects = {

/* Begin PBXBuildFile section */
		CD0EBAAE28EB305B00DFD34D /* Bike.swift in Sources */ = {isa = PBXBuildFile; fileRef = CD0EBAAD28EB305B00DFD34D /* Bike.swift */; };
		CD2DE60528ECF25500BE6F8D /* Answer.swift in Sources */ = {isa = PBXBuildFile; fileRef = CD2DE60428ECF25500BE6F8D /* Answer.swift */; };
		CD386AD52903078A00C55AF7 /* View+alert.swift in Sources */ = {isa = PBXBuildFile; fileRef = CD386AD42903078A00C55AF7 /* View+alert.swift */; };
		CD91290928E5EA400056B9C4 /* StolenBikeApp.swift in Sources */ = {isa = PBXBuildFile; fileRef = CD91290828E5EA400056B9C4 /* StolenBikeApp.swift */; };
		CD91290B28E5EA400056B9C4 /* AppView.swift in Sources */ = {isa = PBXBuildFile; fileRef = CD91290A28E5EA400056B9C4 /* AppView.swift */; };
		CD91290D28E5EA430056B9C4 /* Assets.xcassets in Resources */ = {isa = PBXBuildFile; fileRef = CD91290C28E5EA430056B9C4 /* Assets.xcassets */; };
		CD91291028E5EA430056B9C4 /* Preview Assets.xcassets in Resources */ = {isa = PBXBuildFile; fileRef = CD91290F28E5EA430056B9C4 /* Preview Assets.xcassets */; };
		CD91291828E5EB7D0056B9C4 /* BikeMapView.swift in Sources */ = {isa = PBXBuildFile; fileRef = CD91291728E5EB7D0056B9C4 /* BikeMapView.swift */; };
		CDB0C21D2996AB7900E86B0B /* StateError.swift in Sources */ = {isa = PBXBuildFile; fileRef = CDB0C21C2996AB7900E86B0B /* StateError.swift */; };
		CDB0C2222996AC5F00E86B0B /* BikeClient.swift in Sources */ = {isa = PBXBuildFile; fileRef = CDB0C2212996AC5F00E86B0B /* BikeClient.swift */; };
		CDB0C2272996AE4500E86B0B /* LocationClient.swift in Sources */ = {isa = PBXBuildFile; fileRef = CDB0C2262996AE4500E86B0B /* LocationClient.swift */; };
		CDB0C22D2996B02400E86B0B /* StubBike.swift in Sources */ = {isa = PBXBuildFile; fileRef = CDB0C22C2996B02400E86B0B /* StubBike.swift */; };
		CDB0C22F2996B11500E86B0B /* LocationClient+Dependency.swift in Sources */ = {isa = PBXBuildFile; fileRef = CDB0C22E2996B11500E86B0B /* LocationClient+Dependency.swift */; };
		CDB0C2312996B15800E86B0B /* LiveLocationClient.swift in Sources */ = {isa = PBXBuildFile; fileRef = CDB0C2302996B15800E86B0B /* LiveLocationClient.swift */; };
		CDB0C2332996B16400E86B0B /* StubLocationClient.swift in Sources */ = {isa = PBXBuildFile; fileRef = CDB0C2322996B16400E86B0B /* StubLocationClient.swift */; };
		CDB0C235299819A100E86B0B /* LiveBikeClient.swift in Sources */ = {isa = PBXBuildFile; fileRef = CDB0C234299819A100E86B0B /* LiveBikeClient.swift */; };
		CDB0C237299819AD00E86B0B /* StubBikeClient.swift in Sources */ = {isa = PBXBuildFile; fileRef = CDB0C236299819AD00E86B0B /* StubBikeClient.swift */; };
		CDB0C239299819BA00E86B0B /* BikeClient+Dependency.swift in Sources */ = {isa = PBXBuildFile; fileRef = CDB0C238299819BA00E86B0B /* BikeClient+Dependency.swift */; };
		CDB0C23C299953FE00E86B0B /* View+mapElement.swift in Sources */ = {isa = PBXBuildFile; fileRef = CDB0C23B299953FE00E86B0B /* View+mapElement.swift */; };
		CDB9548328E9D8A400FA3941 /* RegisterBikeView.swift in Sources */ = {isa = PBXBuildFile; fileRef = CDB9548228E9D8A400FA3941 /* RegisterBikeView.swift */; };
		CDBEFE2A299BD76200BA48A1 /* Location+coordinates.swift in Sources */ = {isa = PBXBuildFile; fileRef = CDBEFE29299BD76200BA48A1 /* Location+coordinates.swift */; };
		CDBEFE2D299BD7E700BA48A1 /* MKCoordinateRegion+Equatable.swift in Sources */ = {isa = PBXBuildFile; fileRef = CDBEFE2C299BD7E700BA48A1 /* MKCoordinateRegion+Equatable.swift */; };
		CDBEFE3D299E710600BA48A1 /* SharedModel in Frameworks */ = {isa = PBXBuildFile; productRef = CDBEFE3C299E710600BA48A1 /* SharedModel */; };
		CDBEFE3F299E710A00BA48A1 /* MapView in Frameworks */ = {isa = PBXBuildFile; productRef = CDBEFE3E299E710A00BA48A1 /* MapView */; };
		CDBF2FF22976166200DFBCA1 /* ComposableArchitecture in Frameworks */ = {isa = PBXBuildFile; productRef = CDBF2FF12976166200DFBCA1 /* ComposableArchitecture */; };
		CDBF2FF929788E5A00DFBCA1 /* App.swift in Sources */ = {isa = PBXBuildFile; fileRef = CDBF2FF829788E5A00DFBCA1 /* App.swift */; };
		CDC9C0A32995222C00770B1F /* BikeMap.swift in Sources */ = {isa = PBXBuildFile; fileRef = CDC9C0A22995222C00770B1F /* BikeMap.swift */; };
		CDC9C0A52995223700770B1F /* RegisterBike.swift in Sources */ = {isa = PBXBuildFile; fileRef = CDC9C0A42995223700770B1F /* RegisterBike.swift */; };
		CDC9C0A829959E8100770B1F /* BikeMapTests.swift in Sources */ = {isa = PBXBuildFile; fileRef = CDC9C0A729959E8100770B1F /* BikeMapTests.swift */; };
		CDC9C0AB29959EAE00770B1F /* AppTests.swift in Sources */ = {isa = PBXBuildFile; fileRef = CDC9C0AA29959EAE00770B1F /* AppTests.swift */; };
/* End PBXBuildFile section */

/* Begin PBXContainerItemProxy section */
		CD2DE5F228ECB2CB00BE6F8D /* PBXContainerItemProxy */ = {
			isa = PBXContainerItemProxy;
			containerPortal = CD9128FD28E5EA400056B9C4 /* Project object */;
			proxyType = 1;
			remoteGlobalIDString = CD91290428E5EA400056B9C4;
			remoteInfo = StolenBike;
		};
/* End PBXContainerItemProxy section */

/* Begin PBXFileReference section */
		CD0EBAAD28EB305B00DFD34D /* Bike.swift */ = {isa = PBXFileReference; lastKnownFileType = sourcecode.swift; path = Bike.swift; sourceTree = "<group>"; };
		CD2DE5EE28ECB2CB00BE6F8D /* StolenBikeTests.xctest */ = {isa = PBXFileReference; explicitFileType = wrapper.cfbundle; includeInIndex = 0; path = StolenBikeTests.xctest; sourceTree = BUILT_PRODUCTS_DIR; };
		CD2DE60428ECF25500BE6F8D /* Answer.swift */ = {isa = PBXFileReference; lastKnownFileType = sourcecode.swift; path = Answer.swift; sourceTree = "<group>"; };
		CD386AD42903078A00C55AF7 /* View+alert.swift */ = {isa = PBXFileReference; lastKnownFileType = sourcecode.swift; path = "View+alert.swift"; sourceTree = "<group>"; };
		CD4F2CC728EF31AC007444DA /* Info.plist */ = {isa = PBXFileReference; lastKnownFileType = text.plist; path = Info.plist; sourceTree = "<group>"; };
		CD91290528E5EA400056B9C4 /* StolenBike.app */ = {isa = PBXFileReference; explicitFileType = wrapper.application; includeInIndex = 0; path = StolenBike.app; sourceTree = BUILT_PRODUCTS_DIR; };
		CD91290828E5EA400056B9C4 /* StolenBikeApp.swift */ = {isa = PBXFileReference; lastKnownFileType = sourcecode.swift; path = StolenBikeApp.swift; sourceTree = "<group>"; };
		CD91290A28E5EA400056B9C4 /* AppView.swift */ = {isa = PBXFileReference; lastKnownFileType = sourcecode.swift; path = AppView.swift; sourceTree = "<group>"; };
		CD91290C28E5EA430056B9C4 /* Assets.xcassets */ = {isa = PBXFileReference; lastKnownFileType = folder.assetcatalog; path = Assets.xcassets; sourceTree = "<group>"; };
		CD91290F28E5EA430056B9C4 /* Preview Assets.xcassets */ = {isa = PBXFileReference; lastKnownFileType = folder.assetcatalog; path = "Preview Assets.xcassets"; sourceTree = "<group>"; };
		CD91291728E5EB7D0056B9C4 /* BikeMapView.swift */ = {isa = PBXFileReference; lastKnownFileType = sourcecode.swift; path = BikeMapView.swift; sourceTree = "<group>"; };
		CDB0C21C2996AB7900E86B0B /* StateError.swift */ = {isa = PBXFileReference; lastKnownFileType = sourcecode.swift; path = StateError.swift; sourceTree = "<group>"; };
		CDB0C2212996AC5F00E86B0B /* BikeClient.swift */ = {isa = PBXFileReference; lastKnownFileType = sourcecode.swift; path = BikeClient.swift; sourceTree = "<group>"; };
		CDB0C2262996AE4500E86B0B /* LocationClient.swift */ = {isa = PBXFileReference; lastKnownFileType = sourcecode.swift; path = LocationClient.swift; sourceTree = "<group>"; };
		CDB0C22C2996B02400E86B0B /* StubBike.swift */ = {isa = PBXFileReference; lastKnownFileType = sourcecode.swift; path = StubBike.swift; sourceTree = "<group>"; };
		CDB0C22E2996B11500E86B0B /* LocationClient+Dependency.swift */ = {isa = PBXFileReference; lastKnownFileType = sourcecode.swift; path = "LocationClient+Dependency.swift"; sourceTree = "<group>"; };
		CDB0C2302996B15800E86B0B /* LiveLocationClient.swift */ = {isa = PBXFileReference; lastKnownFileType = sourcecode.swift; path = LiveLocationClient.swift; sourceTree = "<group>"; };
		CDB0C2322996B16400E86B0B /* StubLocationClient.swift */ = {isa = PBXFileReference; lastKnownFileType = sourcecode.swift; path = StubLocationClient.swift; sourceTree = "<group>"; };
		CDB0C234299819A100E86B0B /* LiveBikeClient.swift */ = {isa = PBXFileReference; lastKnownFileType = sourcecode.swift; path = LiveBikeClient.swift; sourceTree = "<group>"; };
		CDB0C236299819AD00E86B0B /* StubBikeClient.swift */ = {isa = PBXFileReference; lastKnownFileType = sourcecode.swift; path = StubBikeClient.swift; sourceTree = "<group>"; };
		CDB0C238299819BA00E86B0B /* BikeClient+Dependency.swift */ = {isa = PBXFileReference; lastKnownFileType = sourcecode.swift; path = "BikeClient+Dependency.swift"; sourceTree = "<group>"; };
		CDB0C23B299953FE00E86B0B /* View+mapElement.swift */ = {isa = PBXFileReference; lastKnownFileType = sourcecode.swift; path = "View+mapElement.swift"; sourceTree = "<group>"; };
		CDB9548228E9D8A400FA3941 /* RegisterBikeView.swift */ = {isa = PBXFileReference; lastKnownFileType = sourcecode.swift; path = RegisterBikeView.swift; sourceTree = "<group>"; };
		CDBEFE29299BD76200BA48A1 /* Location+coordinates.swift */ = {isa = PBXFileReference; lastKnownFileType = sourcecode.swift; path = "Location+coordinates.swift"; sourceTree = "<group>"; };
		CDBEFE2C299BD7E700BA48A1 /* MKCoordinateRegion+Equatable.swift */ = {isa = PBXFileReference; lastKnownFileType = sourcecode.swift; path = "MKCoordinateRegion+Equatable.swift"; sourceTree = "<group>"; };
		CDBEFE3A299E6EA900BA48A1 /* SharedModel */ = {isa = PBXFileReference; lastKnownFileType = wrapper; path = SharedModel; sourceTree = "<group>"; };
		CDBEFE3B299E6EAE00BA48A1 /* MapView */ = {isa = PBXFileReference; lastKnownFileType = wrapper; path = MapView; sourceTree = "<group>"; };
		CDBF2FF829788E5A00DFBCA1 /* App.swift */ = {isa = PBXFileReference; lastKnownFileType = sourcecode.swift; path = App.swift; sourceTree = "<group>"; };
		CDC9C0A22995222C00770B1F /* BikeMap.swift */ = {isa = PBXFileReference; lastKnownFileType = sourcecode.swift; path = BikeMap.swift; sourceTree = "<group>"; };
		CDC9C0A42995223700770B1F /* RegisterBike.swift */ = {isa = PBXFileReference; lastKnownFileType = sourcecode.swift; path = RegisterBike.swift; sourceTree = "<group>"; };
		CDC9C0A729959E8100770B1F /* BikeMapTests.swift */ = {isa = PBXFileReference; lastKnownFileType = sourcecode.swift; path = BikeMapTests.swift; sourceTree = "<group>"; };
		CDC9C0AA29959EAE00770B1F /* AppTests.swift */ = {isa = PBXFileReference; lastKnownFileType = sourcecode.swift; path = AppTests.swift; sourceTree = "<group>"; };
/* End PBXFileReference section */

/* Begin PBXFrameworksBuildPhase section */
		CD2DE5EB28ECB2CB00BE6F8D /* Frameworks */ = {
			isa = PBXFrameworksBuildPhase;
			buildActionMask = 2147483647;
			files = (
			);
			runOnlyForDeploymentPostprocessing = 0;
		};
		CD91290228E5EA400056B9C4 /* Frameworks */ = {
			isa = PBXFrameworksBuildPhase;
			buildActionMask = 2147483647;
			files = (
				CDBEFE3F299E710A00BA48A1 /* MapView in Frameworks */,
				CDBF2FF22976166200DFBCA1 /* ComposableArchitecture in Frameworks */,
				CDBEFE3D299E710600BA48A1 /* SharedModel in Frameworks */,
			);
			runOnlyForDeploymentPostprocessing = 0;
		};
/* End PBXFrameworksBuildPhase section */

/* Begin PBXGroup section */
		CD2DE5EF28ECB2CB00BE6F8D /* StolenBikeTests */ = {
			isa = PBXGroup;
			children = (
				CD2DE5FF28ECE5B900BE6F8D /* Common */,
				CDC9C0A929959E8D00770B1F /* App */,
				CDC9C0A629959E1000770B1F /* BikeMap */,
			);
			path = StolenBikeTests;
			sourceTree = "<group>";
		};
		CD2DE5FF28ECE5B900BE6F8D /* Common */ = {
			isa = PBXGroup;
			children = (
				CD2DE60428ECF25500BE6F8D /* Answer.swift */,
			);
			path = Common;
			sourceTree = "<group>";
		};
		CD9128FC28E5EA400056B9C4 = {
			isa = PBXGroup;
			children = (
				CD91290728E5EA400056B9C4 /* StolenBike */,
				CD2DE5EF28ECB2CB00BE6F8D /* StolenBikeTests */,
				CD91290628E5EA400056B9C4 /* Products */,
				CDBEFE34299E6A4400BA48A1 /* Frameworks */,
			);
			sourceTree = "<group>";
		};
		CD91290628E5EA400056B9C4 /* Products */ = {
			isa = PBXGroup;
			children = (
				CD91290528E5EA400056B9C4 /* StolenBike.app */,
				CD2DE5EE28ECB2CB00BE6F8D /* StolenBikeTests.xctest */,
			);
			name = Products;
			sourceTree = "<group>";
		};
		CD91290728E5EA400056B9C4 /* StolenBike */ = {
			isa = PBXGroup;
			children = (
				CDC9C0AC2995A33700770B1F /* Common */,
				CDBF2FF42976178500DFBCA1 /* Effect */,
				CDBF2FF32976174A00DFBCA1 /* Feature */,
				CD4F2CC728EF31AC007444DA /* Info.plist */,
				CD91290828E5EA400056B9C4 /* StolenBikeApp.swift */,
				CD91290C28E5EA430056B9C4 /* Assets.xcassets */,
				CD91290E28E5EA430056B9C4 /* Preview Content */,
			);
			path = StolenBike;
			sourceTree = "<group>";
		};
		CD91290E28E5EA430056B9C4 /* Preview Content */ = {
			isa = PBXGroup;
			children = (
				CD91290F28E5EA430056B9C4 /* Preview Assets.xcassets */,
			);
			path = "Preview Content";
			sourceTree = "<group>";
		};
		CDB0C21E2996ABE500E86B0B /* BikeClient */ = {
			isa = PBXGroup;
			children = (
				CDB0C21F2996AC4700E86B0B /* Client */,
				CDB0C2202996AC4C00E86B0B /* Model */,
			);
			path = BikeClient;
			sourceTree = "<group>";
		};
		CDB0C21F2996AC4700E86B0B /* Client */ = {
			isa = PBXGroup;
			children = (
				CDB0C2212996AC5F00E86B0B /* BikeClient.swift */,
				CDB0C238299819BA00E86B0B /* BikeClient+Dependency.swift */,
				CDB0C234299819A100E86B0B /* LiveBikeClient.swift */,
				CDB0C236299819AD00E86B0B /* StubBikeClient.swift */,
			);
			path = Client;
			sourceTree = "<group>";
		};
		CDB0C2202996AC4C00E86B0B /* Model */ = {
			isa = PBXGroup;
			children = (
				CD0EBAAD28EB305B00DFD34D /* Bike.swift */,
				CDB0C22C2996B02400E86B0B /* StubBike.swift */,
			);
			path = Model;
			sourceTree = "<group>";
		};
		CDB0C2232996AE1000E86B0B /* LocationClient */ = {
			isa = PBXGroup;
			children = (
				CDB0C2242996AE2A00E86B0B /* Client */,
			);
			path = LocationClient;
			sourceTree = "<group>";
		};
		CDB0C2242996AE2A00E86B0B /* Client */ = {
			isa = PBXGroup;
			children = (
				CDB0C2262996AE4500E86B0B /* LocationClient.swift */,
				CDB0C22E2996B11500E86B0B /* LocationClient+Dependency.swift */,
				CDB0C2302996B15800E86B0B /* LiveLocationClient.swift */,
				CDB0C2322996B16400E86B0B /* StubLocationClient.swift */,
			);
			path = Client;
			sourceTree = "<group>";
		};
		CDB0C23A2999538800E86B0B /* View */ = {
			isa = PBXGroup;
			children = (
				CD91291728E5EB7D0056B9C4 /* BikeMapView.swift */,
				CDB0C23B299953FE00E86B0B /* View+mapElement.swift */,
			);
			path = View;
			sourceTree = "<group>";
		};
		CDBEFE2B299BD78800BA48A1 /* Reducer */ = {
			isa = PBXGroup;
			children = (
				CDC9C0A22995222C00770B1F /* BikeMap.swift */,
			);
			path = Reducer;
			sourceTree = "<group>";
		};
		CDBEFE34299E6A4400BA48A1 /* Frameworks */ = {
			isa = PBXGroup;
			children = (
			);
			name = Frameworks;
			sourceTree = "<group>";
		};
		CDBF2FF32976174A00DFBCA1 /* Feature */ = {
			isa = PBXGroup;
			children = (
				CDBF2FF5297617D800DFBCA1 /* App */,
				CDBF2FF6297617DE00DFBCA1 /* BikeMap */,
				CDBF2FF7297617E800DFBCA1 /* RegisterBike */,
			);
			path = Feature;
			sourceTree = "<group>";
		};
		CDBF2FF42976178500DFBCA1 /* Effect */ = {
			isa = PBXGroup;
			children = (
				CDB0C2232996AE1000E86B0B /* LocationClient */,
				CDB0C21E2996ABE500E86B0B /* BikeClient */,
			);
			path = Effect;
			sourceTree = "<group>";
		};
		CDBF2FF5297617D800DFBCA1 /* App */ = {
			isa = PBXGroup;
			children = (
				CDBF2FF829788E5A00DFBCA1 /* App.swift */,
				CD91290A28E5EA400056B9C4 /* AppView.swift */,
			);
			path = App;
			sourceTree = "<group>";
		};
		CDBF2FF6297617DE00DFBCA1 /* BikeMap */ = {
			isa = PBXGroup;
			children = (
				CDBEFE2B299BD78800BA48A1 /* Reducer */,
				CDB0C23A2999538800E86B0B /* View */,
				CDBEFE29299BD76200BA48A1 /* Location+coordinates.swift */,
				CDBEFE2C299BD7E700BA48A1 /* MKCoordinateRegion+Equatable.swift */,
			);
			path = BikeMap;
			sourceTree = "<group>";
		};
		CDBF2FF7297617E800DFBCA1 /* RegisterBike */ = {
			isa = PBXGroup;
			children = (
				CDC9C0A42995223700770B1F /* RegisterBike.swift */,
				CDB9548228E9D8A400FA3941 /* RegisterBikeView.swift */,
			);
			path = RegisterBike;
			sourceTree = "<group>";
		};
		CDC9C0A629959E1000770B1F /* BikeMap */ = {
			isa = PBXGroup;
			children = (
				CDC9C0A729959E8100770B1F /* BikeMapTests.swift */,
			);
			path = BikeMap;
			sourceTree = "<group>";
		};
		CDC9C0A929959E8D00770B1F /* App */ = {
			isa = PBXGroup;
			children = (
				CDC9C0AA29959EAE00770B1F /* AppTests.swift */,
			);
			path = App;
			sourceTree = "<group>";
		};
		CDC9C0AC2995A33700770B1F /* Common */ = {
			isa = PBXGroup;
			children = (
				CDBEFE3B299E6EAE00BA48A1 /* MapView */,
				CDBEFE3A299E6EA900BA48A1 /* SharedModel */,
				CD386AD42903078A00C55AF7 /* View+alert.swift */,
				CDB0C21C2996AB7900E86B0B /* StateError.swift */,
			);
			path = Common;
			sourceTree = "<group>";
		};
/* End PBXGroup section */

/* Begin PBXNativeTarget section */
		CD2DE5ED28ECB2CB00BE6F8D /* StolenBikeTests */ = {
			isa = PBXNativeTarget;
			buildConfigurationList = CD2DE5F628ECB2CB00BE6F8D /* Build configuration list for PBXNativeTarget "StolenBikeTests" */;
			buildPhases = (
				CD2DE5EA28ECB2CB00BE6F8D /* Sources */,
				CD2DE5EB28ECB2CB00BE6F8D /* Frameworks */,
				CD2DE5EC28ECB2CB00BE6F8D /* Resources */,
			);
			buildRules = (
			);
			dependencies = (
				CD2DE5F328ECB2CB00BE6F8D /* PBXTargetDependency */,
			);
			name = StolenBikeTests;
			productName = StolenBikeTests;
			productReference = CD2DE5EE28ECB2CB00BE6F8D /* StolenBikeTests.xctest */;
			productType = "com.apple.product-type.bundle.unit-test";
		};
		CD91290428E5EA400056B9C4 /* StolenBike */ = {
			isa = PBXNativeTarget;
			buildConfigurationList = CD91291328E5EA430056B9C4 /* Build configuration list for PBXNativeTarget "StolenBike" */;
			buildPhases = (
				CD0F411828F5980200555826 /* Swiftlint */,
				CD91290128E5EA400056B9C4 /* Sources */,
				CD91290228E5EA400056B9C4 /* Frameworks */,
				CD91290328E5EA400056B9C4 /* Resources */,
			);
			buildRules = (
			);
			dependencies = (
			);
			name = StolenBike;
			packageProductDependencies = (
				CDBF2FF12976166200DFBCA1 /* ComposableArchitecture */,
				CDBEFE3C299E710600BA48A1 /* SharedModel */,
				CDBEFE3E299E710A00BA48A1 /* MapView */,
			);
			productName = StolenBike;
			productReference = CD91290528E5EA400056B9C4 /* StolenBike.app */;
			productType = "com.apple.product-type.application";
		};
/* End PBXNativeTarget section */

/* Begin PBXProject section */
		CD9128FD28E5EA400056B9C4 /* Project object */ = {
			isa = PBXProject;
			attributes = {
				BuildIndependentTargetsInParallel = 1;
				LastSwiftUpdateCheck = 1400;
				LastUpgradeCheck = 1400;
				TargetAttributes = {
					CD2DE5ED28ECB2CB00BE6F8D = {
						CreatedOnToolsVersion = 14.0.1;
						LastSwiftMigration = 1400;
						TestTargetID = CD91290428E5EA400056B9C4;
					};
					CD91290428E5EA400056B9C4 = {
						CreatedOnToolsVersion = 14.0.1;
					};
				};
			};
			buildConfigurationList = CD91290028E5EA400056B9C4 /* Build configuration list for PBXProject "StolenBike" */;
			compatibilityVersion = "Xcode 14.0";
			developmentRegion = en;
			hasScannedForEncodings = 0;
			knownRegions = (
				en,
				Base,
			);
			mainGroup = CD9128FC28E5EA400056B9C4;
			packageReferences = (
				CDBF2FF02976166200DFBCA1 /* XCRemoteSwiftPackageReference "swift-composable-architecture" */,
			);
			productRefGroup = CD91290628E5EA400056B9C4 /* Products */;
			projectDirPath = "";
			projectRoot = "";
			targets = (
				CD91290428E5EA400056B9C4 /* StolenBike */,
				CD2DE5ED28ECB2CB00BE6F8D /* StolenBikeTests */,
			);
		};
/* End PBXProject section */

/* Begin PBXResourcesBuildPhase section */
		CD2DE5EC28ECB2CB00BE6F8D /* Resources */ = {
			isa = PBXResourcesBuildPhase;
			buildActionMask = 2147483647;
			files = (
			);
			runOnlyForDeploymentPostprocessing = 0;
		};
		CD91290328E5EA400056B9C4 /* Resources */ = {
			isa = PBXResourcesBuildPhase;
			buildActionMask = 2147483647;
			files = (
				CD91291028E5EA430056B9C4 /* Preview Assets.xcassets in Resources */,
				CD91290D28E5EA430056B9C4 /* Assets.xcassets in Resources */,
			);
			runOnlyForDeploymentPostprocessing = 0;
		};
/* End PBXResourcesBuildPhase section */

/* Begin PBXShellScriptBuildPhase section */
		CD0F411828F5980200555826 /* Swiftlint */ = {
			isa = PBXShellScriptBuildPhase;
			alwaysOutOfDate = 1;
			buildActionMask = 2147483647;
			files = (
			);
			inputFileListPaths = (
			);
			inputPaths = (
			);
			name = Swiftlint;
			outputFileListPaths = (
			);
			outputPaths = (
			);
			runOnlyForDeploymentPostprocessing = 0;
			shellPath = /bin/sh;
			shellScript = "if which swiftlint > /dev/null; then\n  swiftlint\nelse\n  echo \"warning: SwiftLint not installed, download from https://github.com/realm/SwiftLint\"\nfi\n";
		};
/* End PBXShellScriptBuildPhase section */

/* Begin PBXSourcesBuildPhase section */
		CD2DE5EA28ECB2CB00BE6F8D /* Sources */ = {
			isa = PBXSourcesBuildPhase;
			buildActionMask = 2147483647;
			files = (
				CD2DE60528ECF25500BE6F8D /* Answer.swift in Sources */,
				CDC9C0A829959E8100770B1F /* BikeMapTests.swift in Sources */,
				CDC9C0AB29959EAE00770B1F /* AppTests.swift in Sources */,
			);
			runOnlyForDeploymentPostprocessing = 0;
		};
		CD91290128E5EA400056B9C4 /* Sources */ = {
			isa = PBXSourcesBuildPhase;
			buildActionMask = 2147483647;
			files = (
				CD386AD52903078A00C55AF7 /* View+alert.swift in Sources */,
				CDB0C2312996B15800E86B0B /* LiveLocationClient.swift in Sources */,
				CD91290B28E5EA400056B9C4 /* AppView.swift in Sources */,
				CD91291828E5EB7D0056B9C4 /* BikeMapView.swift in Sources */,
				CDB0C22D2996B02400E86B0B /* StubBike.swift in Sources */,
				CDC9C0A52995223700770B1F /* RegisterBike.swift in Sources */,
				CDBF2FF929788E5A00DFBCA1 /* App.swift in Sources */,
				CDB0C23C299953FE00E86B0B /* View+mapElement.swift in Sources */,
				CDBEFE2A299BD76200BA48A1 /* Location+coordinates.swift in Sources */,
				CDB0C2222996AC5F00E86B0B /* BikeClient.swift in Sources */,
				CD91290928E5EA400056B9C4 /* StolenBikeApp.swift in Sources */,
				CDB0C239299819BA00E86B0B /* BikeClient+Dependency.swift in Sources */,
				CDBEFE2D299BD7E700BA48A1 /* MKCoordinateRegion+Equatable.swift in Sources */,
				CDB0C21D2996AB7900E86B0B /* StateError.swift in Sources */,
				CDC9C0A32995222C00770B1F /* BikeMap.swift in Sources */,
				CDB9548328E9D8A400FA3941 /* RegisterBikeView.swift in Sources */,
				CD0EBAAE28EB305B00DFD34D /* Bike.swift in Sources */,
				CDB0C2332996B16400E86B0B /* StubLocationClient.swift in Sources */,
				CDB0C22F2996B11500E86B0B /* LocationClient+Dependency.swift in Sources */,
				CDB0C235299819A100E86B0B /* LiveBikeClient.swift in Sources */,
				CDB0C237299819AD00E86B0B /* StubBikeClient.swift in Sources */,
				CDB0C2272996AE4500E86B0B /* LocationClient.swift in Sources */,
			);
			runOnlyForDeploymentPostprocessing = 0;
		};
/* End PBXSourcesBuildPhase section */

/* Begin PBXTargetDependency section */
		CD2DE5F328ECB2CB00BE6F8D /* PBXTargetDependency */ = {
			isa = PBXTargetDependency;
			target = CD91290428E5EA400056B9C4 /* StolenBike */;
			targetProxy = CD2DE5F228ECB2CB00BE6F8D /* PBXContainerItemProxy */;
		};
/* End PBXTargetDependency section */

/* Begin XCBuildConfiguration section */
		CD2DE5F428ECB2CB00BE6F8D /* Debug */ = {
			isa = XCBuildConfiguration;
			buildSettings = {
				BUNDLE_LOADER = "$(TEST_HOST)";
				CLANG_ENABLE_MODULES = YES;
				CODE_SIGN_STYLE = Automatic;
				CURRENT_PROJECT_VERSION = 1;
				DEVELOPMENT_TEAM = 6894A8BA33;
				GENERATE_INFOPLIST_FILE = YES;
				LD_RUNPATH_SEARCH_PATHS = (
					"$(inherited)",
					"@executable_path/Frameworks",
					"@loader_path/Frameworks",
				);
				MARKETING_VERSION = 1.0;
				PRODUCT_BUNDLE_IDENTIFIER = company.StolenBikeTests;
				PRODUCT_NAME = "$(TARGET_NAME)";
				SWIFT_EMIT_LOC_STRINGS = NO;
				SWIFT_OPTIMIZATION_LEVEL = "-Onone";
				SWIFT_VERSION = 5.0;
				TARGETED_DEVICE_FAMILY = "1,2";
				TEST_HOST = "$(BUILT_PRODUCTS_DIR)/StolenBike.app/$(BUNDLE_EXECUTABLE_FOLDER_PATH)/StolenBike";
			};
			name = Debug;
		};
		CD2DE5F528ECB2CB00BE6F8D /* Release */ = {
			isa = XCBuildConfiguration;
			buildSettings = {
				BUNDLE_LOADER = "$(TEST_HOST)";
				CLANG_ENABLE_MODULES = YES;
				CODE_SIGN_STYLE = Automatic;
				CURRENT_PROJECT_VERSION = 1;
				DEVELOPMENT_TEAM = 6894A8BA33;
				GENERATE_INFOPLIST_FILE = YES;
				LD_RUNPATH_SEARCH_PATHS = (
					"$(inherited)",
					"@executable_path/Frameworks",
					"@loader_path/Frameworks",
				);
				MARKETING_VERSION = 1.0;
				PRODUCT_BUNDLE_IDENTIFIER = company.StolenBikeTests;
				PRODUCT_NAME = "$(TARGET_NAME)";
				SWIFT_EMIT_LOC_STRINGS = NO;
				SWIFT_VERSION = 5.0;
				TARGETED_DEVICE_FAMILY = "1,2";
				TEST_HOST = "$(BUILT_PRODUCTS_DIR)/StolenBike.app/$(BUNDLE_EXECUTABLE_FOLDER_PATH)/StolenBike";
			};
			name = Release;
		};
		CD91291128E5EA430056B9C4 /* Debug */ = {
			isa = XCBuildConfiguration;
			buildSettings = {
				ALWAYS_SEARCH_USER_PATHS = NO;
				CLANG_ANALYZER_NONNULL = YES;
				CLANG_ANALYZER_NUMBER_OBJECT_CONVERSION = YES_AGGRESSIVE;
				CLANG_CXX_LANGUAGE_STANDARD = "gnu++20";
				CLANG_ENABLE_MODULES = YES;
				CLANG_ENABLE_OBJC_ARC = YES;
				CLANG_ENABLE_OBJC_WEAK = YES;
				CLANG_WARN_BLOCK_CAPTURE_AUTORELEASING = YES;
				CLANG_WARN_BOOL_CONVERSION = YES;
				CLANG_WARN_COMMA = YES;
				CLANG_WARN_CONSTANT_CONVERSION = YES;
				CLANG_WARN_DEPRECATED_OBJC_IMPLEMENTATIONS = YES;
				CLANG_WARN_DIRECT_OBJC_ISA_USAGE = YES_ERROR;
				CLANG_WARN_DOCUMENTATION_COMMENTS = YES;
				CLANG_WARN_EMPTY_BODY = YES;
				CLANG_WARN_ENUM_CONVERSION = YES;
				CLANG_WARN_INFINITE_RECURSION = YES;
				CLANG_WARN_INT_CONVERSION = YES;
				CLANG_WARN_NON_LITERAL_NULL_CONVERSION = YES;
				CLANG_WARN_OBJC_IMPLICIT_RETAIN_SELF = YES;
				CLANG_WARN_OBJC_LITERAL_CONVERSION = YES;
				CLANG_WARN_OBJC_ROOT_CLASS = YES_ERROR;
				CLANG_WARN_QUOTED_INCLUDE_IN_FRAMEWORK_HEADER = YES;
				CLANG_WARN_RANGE_LOOP_ANALYSIS = YES;
				CLANG_WARN_STRICT_PROTOTYPES = YES;
				CLANG_WARN_SUSPICIOUS_MOVE = YES;
				CLANG_WARN_UNGUARDED_AVAILABILITY = YES_AGGRESSIVE;
				CLANG_WARN_UNREACHABLE_CODE = YES;
				CLANG_WARN__DUPLICATE_METHOD_MATCH = YES;
				COPY_PHASE_STRIP = NO;
				DEBUG_INFORMATION_FORMAT = dwarf;
				ENABLE_STRICT_OBJC_MSGSEND = YES;
				ENABLE_TESTABILITY = YES;
				GCC_C_LANGUAGE_STANDARD = gnu11;
				GCC_DYNAMIC_NO_PIC = NO;
				GCC_NO_COMMON_BLOCKS = YES;
				GCC_OPTIMIZATION_LEVEL = 0;
				GCC_PREPROCESSOR_DEFINITIONS = (
					"DEBUG=1",
					"$(inherited)",
				);
				GCC_WARN_64_TO_32_BIT_CONVERSION = YES;
				GCC_WARN_ABOUT_RETURN_TYPE = YES_ERROR;
				GCC_WARN_UNDECLARED_SELECTOR = YES;
				GCC_WARN_UNINITIALIZED_AUTOS = YES_AGGRESSIVE;
				GCC_WARN_UNUSED_FUNCTION = YES;
				GCC_WARN_UNUSED_VARIABLE = YES;
				IPHONEOS_DEPLOYMENT_TARGET = 16.0;
				MTL_ENABLE_DEBUG_INFO = INCLUDE_SOURCE;
				MTL_FAST_MATH = YES;
				ONLY_ACTIVE_ARCH = YES;
				SDKROOT = iphoneos;
				SWIFT_ACTIVE_COMPILATION_CONDITIONS = DEBUG;
				SWIFT_OPTIMIZATION_LEVEL = "-Onone";
			};
			name = Debug;
		};
		CD91291228E5EA430056B9C4 /* Release */ = {
			isa = XCBuildConfiguration;
			buildSettings = {
				ALWAYS_SEARCH_USER_PATHS = NO;
				CLANG_ANALYZER_NONNULL = YES;
				CLANG_ANALYZER_NUMBER_OBJECT_CONVERSION = YES_AGGRESSIVE;
				CLANG_CXX_LANGUAGE_STANDARD = "gnu++20";
				CLANG_ENABLE_MODULES = YES;
				CLANG_ENABLE_OBJC_ARC = YES;
				CLANG_ENABLE_OBJC_WEAK = YES;
				CLANG_WARN_BLOCK_CAPTURE_AUTORELEASING = YES;
				CLANG_WARN_BOOL_CONVERSION = YES;
				CLANG_WARN_COMMA = YES;
				CLANG_WARN_CONSTANT_CONVERSION = YES;
				CLANG_WARN_DEPRECATED_OBJC_IMPLEMENTATIONS = YES;
				CLANG_WARN_DIRECT_OBJC_ISA_USAGE = YES_ERROR;
				CLANG_WARN_DOCUMENTATION_COMMENTS = YES;
				CLANG_WARN_EMPTY_BODY = YES;
				CLANG_WARN_ENUM_CONVERSION = YES;
				CLANG_WARN_INFINITE_RECURSION = YES;
				CLANG_WARN_INT_CONVERSION = YES;
				CLANG_WARN_NON_LITERAL_NULL_CONVERSION = YES;
				CLANG_WARN_OBJC_IMPLICIT_RETAIN_SELF = YES;
				CLANG_WARN_OBJC_LITERAL_CONVERSION = YES;
				CLANG_WARN_OBJC_ROOT_CLASS = YES_ERROR;
				CLANG_WARN_QUOTED_INCLUDE_IN_FRAMEWORK_HEADER = YES;
				CLANG_WARN_RANGE_LOOP_ANALYSIS = YES;
				CLANG_WARN_STRICT_PROTOTYPES = YES;
				CLANG_WARN_SUSPICIOUS_MOVE = YES;
				CLANG_WARN_UNGUARDED_AVAILABILITY = YES_AGGRESSIVE;
				CLANG_WARN_UNREACHABLE_CODE = YES;
				CLANG_WARN__DUPLICATE_METHOD_MATCH = YES;
				COPY_PHASE_STRIP = NO;
				DEBUG_INFORMATION_FORMAT = "dwarf-with-dsym";
				ENABLE_NS_ASSERTIONS = NO;
				ENABLE_STRICT_OBJC_MSGSEND = YES;
				GCC_C_LANGUAGE_STANDARD = gnu11;
				GCC_NO_COMMON_BLOCKS = YES;
				GCC_WARN_64_TO_32_BIT_CONVERSION = YES;
				GCC_WARN_ABOUT_RETURN_TYPE = YES_ERROR;
				GCC_WARN_UNDECLARED_SELECTOR = YES;
				GCC_WARN_UNINITIALIZED_AUTOS = YES_AGGRESSIVE;
				GCC_WARN_UNUSED_FUNCTION = YES;
				GCC_WARN_UNUSED_VARIABLE = YES;
				IPHONEOS_DEPLOYMENT_TARGET = 16.0;
				MTL_ENABLE_DEBUG_INFO = NO;
				MTL_FAST_MATH = YES;
				SDKROOT = iphoneos;
				SWIFT_COMPILATION_MODE = wholemodule;
				SWIFT_OPTIMIZATION_LEVEL = "-O";
				VALIDATE_PRODUCT = YES;
			};
			name = Release;
		};
		CD91291428E5EA430056B9C4 /* Debug */ = {
			isa = XCBuildConfiguration;
			buildSettings = {
				ASSETCATALOG_COMPILER_APPICON_NAME = AppIcon;
				ASSETCATALOG_COMPILER_GLOBAL_ACCENT_COLOR_NAME = AccentColor;
				CODE_SIGN_STYLE = Automatic;
				CURRENT_PROJECT_VERSION = 1;
				DEVELOPMENT_ASSET_PATHS = "\"StolenBike/Preview Content\"";
				DEVELOPMENT_TEAM = 6894A8BA33;
				ENABLE_PREVIEWS = YES;
				GENERATE_INFOPLIST_FILE = YES;
				INFOPLIST_FILE = StolenBike/Info.plist;
				INFOPLIST_KEY_NSLocationWhenInUseUsageDescription = "Your location will be used to locate your position on the map.";
				INFOPLIST_KEY_UIApplicationSceneManifest_Generation = YES;
				INFOPLIST_KEY_UIApplicationSupportsIndirectInputEvents = YES;
				INFOPLIST_KEY_UILaunchScreen_Generation = YES;
				INFOPLIST_KEY_UISupportedInterfaceOrientations_iPad = "UIInterfaceOrientationPortrait UIInterfaceOrientationPortraitUpsideDown UIInterfaceOrientationLandscapeLeft UIInterfaceOrientationLandscapeRight";
				INFOPLIST_KEY_UISupportedInterfaceOrientations_iPhone = "UIInterfaceOrientationPortrait UIInterfaceOrientationLandscapeLeft UIInterfaceOrientationLandscapeRight";
				LD_RUNPATH_SEARCH_PATHS = (
					"$(inherited)",
					"@executable_path/Frameworks",
				);
				MARKETING_VERSION = 1.0;
				PRODUCT_BUNDLE_IDENTIFIER = company.StolenBike;
				PRODUCT_NAME = "$(TARGET_NAME)";
				SWIFT_EMIT_LOC_STRINGS = YES;
				SWIFT_VERSION = 5.0;
				TARGETED_DEVICE_FAMILY = "1,2";
			};
			name = Debug;
		};
		CD91291528E5EA430056B9C4 /* Release */ = {
			isa = XCBuildConfiguration;
			buildSettings = {
				ASSETCATALOG_COMPILER_APPICON_NAME = AppIcon;
				ASSETCATALOG_COMPILER_GLOBAL_ACCENT_COLOR_NAME = AccentColor;
				CODE_SIGN_STYLE = Automatic;
				CURRENT_PROJECT_VERSION = 1;
				DEVELOPMENT_ASSET_PATHS = "\"StolenBike/Preview Content\"";
				DEVELOPMENT_TEAM = 6894A8BA33;
				ENABLE_PREVIEWS = YES;
				GENERATE_INFOPLIST_FILE = YES;
				INFOPLIST_FILE = StolenBike/Info.plist;
				INFOPLIST_KEY_NSLocationWhenInUseUsageDescription = "Your location will be used to locate your position on the map.";
				INFOPLIST_KEY_UIApplicationSceneManifest_Generation = YES;
				INFOPLIST_KEY_UIApplicationSupportsIndirectInputEvents = YES;
				INFOPLIST_KEY_UILaunchScreen_Generation = YES;
				INFOPLIST_KEY_UISupportedInterfaceOrientations_iPad = "UIInterfaceOrientationPortrait UIInterfaceOrientationPortraitUpsideDown UIInterfaceOrientationLandscapeLeft UIInterfaceOrientationLandscapeRight";
				INFOPLIST_KEY_UISupportedInterfaceOrientations_iPhone = "UIInterfaceOrientationPortrait UIInterfaceOrientationLandscapeLeft UIInterfaceOrientationLandscapeRight";
				LD_RUNPATH_SEARCH_PATHS = (
					"$(inherited)",
					"@executable_path/Frameworks",
				);
				MARKETING_VERSION = 1.0;
				PRODUCT_BUNDLE_IDENTIFIER = company.StolenBike;
				PRODUCT_NAME = "$(TARGET_NAME)";
				SWIFT_EMIT_LOC_STRINGS = YES;
				SWIFT_VERSION = 5.0;
				TARGETED_DEVICE_FAMILY = "1,2";
			};
			name = Release;
		};
/* End XCBuildConfiguration section */

/* Begin XCConfigurationList section */
		CD2DE5F628ECB2CB00BE6F8D /* Build configuration list for PBXNativeTarget "StolenBikeTests" */ = {
			isa = XCConfigurationList;
			buildConfigurations = (
				CD2DE5F428ECB2CB00BE6F8D /* Debug */,
				CD2DE5F528ECB2CB00BE6F8D /* Release */,
			);
			defaultConfigurationIsVisible = 0;
			defaultConfigurationName = Release;
		};
		CD91290028E5EA400056B9C4 /* Build configuration list for PBXProject "StolenBike" */ = {
			isa = XCConfigurationList;
			buildConfigurations = (
				CD91291128E5EA430056B9C4 /* Debug */,
				CD91291228E5EA430056B9C4 /* Release */,
			);
			defaultConfigurationIsVisible = 0;
			defaultConfigurationName = Release;
		};
		CD91291328E5EA430056B9C4 /* Build configuration list for PBXNativeTarget "StolenBike" */ = {
			isa = XCConfigurationList;
			buildConfigurations = (
				CD91291428E5EA430056B9C4 /* Debug */,
				CD91291528E5EA430056B9C4 /* Release */,
			);
			defaultConfigurationIsVisible = 0;
			defaultConfigurationName = Release;
		};
/* End XCConfigurationList section */

/* Begin XCRemoteSwiftPackageReference section */
		CDBF2FF02976166200DFBCA1 /* XCRemoteSwiftPackageReference "swift-composable-architecture" */ = {
			isa = XCRemoteSwiftPackageReference;
			repositoryURL = "https://github.com/pointfreeco/swift-composable-architecture";
			requirement = {
				kind = upToNextMajorVersion;
				minimumVersion = 0.9.0;
			};
		};
/* End XCRemoteSwiftPackageReference section */

/* Begin XCSwiftPackageProductDependency section */
		CDBEFE3C299E710600BA48A1 /* SharedModel */ = {
			isa = XCSwiftPackageProductDependency;
			productName = SharedModel;
		};
		CDBEFE3E299E710A00BA48A1 /* MapView */ = {
			isa = XCSwiftPackageProductDependency;
			productName = MapView;
		};
		CDBF2FF12976166200DFBCA1 /* ComposableArchitecture */ = {
			isa = XCSwiftPackageProductDependency;
			package = CDBF2FF02976166200DFBCA1 /* XCRemoteSwiftPackageReference "swift-composable-architecture" */;
			productName = ComposableArchitecture;
		};
/* End XCSwiftPackageProductDependency section */
	};
	rootObject = CD9128FD28E5EA400056B9C4 /* Project object */;
}
